
Microsoft Visual Studio Solution File, Format Version 12.00
# Visual Studio Version 17
VisualStudioVersion = 17.9.34622.214
MinimumVisualStudioVersion = 10.0.40219.1
Project("{FAE04EC0-301F-11D3-BF4B-00C04F79EFBC}") = "CourierService-Web", "CourierService-Web\CourierService-Web.csproj", "{3094C277-32FB-4E60-8B55-543D588A290A}"
EndProject
Global
	GlobalSection(SolutionConfigurationPlatforms) = preSolution
		Debug|Any CPU = Debug|Any CPU
		Release|Any CPU = Release|Any CPU
	EndGlobalSection
	GlobalSection(ProjectConfigurationPlatforms) = postSolution
		{3094C277-32FB-4E60-8B55-543D588A290A}.Debug|Any CPU.ActiveCfg = Debug|Any CPU
		{3094C277-32FB-4E60-8B55-543D588A290A}.Debug|Any CPU.Build.0 = Debug|Any CPU
		{3094C277-32FB-4E60-8B55-543D588A290A}.Release|Any CPU.ActiveCfg = Release|Any CPU
		{3094C277-32FB-4E60-8B55-543D588A290A}.Release|Any CPU.Build.0 = Release|Any CPU
	EndGlobalSection
	GlobalSection(SolutionProperties) = preSolution
		HideSolutionNode = FALSE
	EndGlobalSection
	GlobalSection(ExtensibilityGlobals) = postSolution
		SolutionGuid = {7C2CB839-7606-46E6-BCF7-E831FE4FA27C}
	EndGlobalSection
EndGlobal
